// !$*UTF8*$!
{
	archiveVersion = 1;
	classes = {
	};
	objectVersion = 46;
	objects = {

/* Begin PBXBuildFile section */
		1D60589F0D05DD5A006BFB54 /* Foundation.framework in Frameworks */ = {isa = PBXBuildFile; fileRef = 1D30AB110D05D00D00671497 /* Foundation.framework */; };
		1DF5F4E00D08C38300B7A737 /* UIKit.framework in Frameworks */ = {isa = PBXBuildFile; fileRef = 1DF5F4DF0D08C38300B7A737 /* UIKit.framework */; };
		288765080DF74369002DB57D /* CoreGraphics.framework in Frameworks */ = {isa = PBXBuildFile; fileRef = 288765070DF74369002DB57D /* CoreGraphics.framework */; };
		C3086774130F061300055A3B /* AddressBook.framework in Frameworks */ = {isa = PBXBuildFile; fileRef = C3086773130F061300055A3B /* AddressBook.framework */; };
		C35F884612FF178B000AAE5F /* CoreData.framework in Frameworks */ = {isa = PBXBuildFile; fileRef = C35F884512FF178B000AAE5F /* CoreData.framework */; };
		C36F15EC12F4C34300B46634 /* CoreLocation.framework in Frameworks */ = {isa = PBXBuildFile; fileRef = C36F15EB12F4C34300B46634 /* CoreLocation.framework */; };
		C36F15EE12F4C34300B46634 /* MapKit.framework in Frameworks */ = {isa = PBXBuildFile; fileRef = C36F15ED12F4C34300B46634 /* MapKit.framework */; };
		CC26F512145D204100353A29 /* Catholic_DioceseAppDelegate.m in Sources */ = {isa = PBXBuildFile; fileRef = CC26F4E2145D204100353A29 /* Catholic_DioceseAppDelegate.m */; };
		CC26F513145D204100353A29 /* main.m in Sources */ = {isa = PBXBuildFile; fileRef = CC26F4E3145D204100353A29 /* main.m */; };
		CC26F514145D204100353A29 /* Parish.m in Sources */ = {isa = PBXBuildFile; fileRef = CC26F4E6145D204100353A29 /* Parish.m */; };
		CC26F515145D204100353A29 /* ParishEvents.m in Sources */ = {isa = PBXBuildFile; fileRef = CC26F4E8145D204100353A29 /* ParishEvents.m */; };
		CC26F516145D204100353A29 /* AboutViewController.m in Sources */ = {isa = PBXBuildFile; fileRef = CC26F4EB145D204100353A29 /* AboutViewController.m */; };
		CC26F517145D204100353A29 /* AddPrayerViewController.m in Sources */ = {isa = PBXBuildFile; fileRef = CC26F4ED145D204100353A29 /* AddPrayerViewController.m */; };
		CC26F518145D204100353A29 /* JJGCLController.m in Sources */ = {isa = PBXBuildFile; fileRef = CC26F4EF145D204100353A29 /* JJGCLController.m */; };
		CC26F519145D204100353A29 /* NewsNavController.m in Sources */ = {isa = PBXBuildFile; fileRef = CC26F4F1145D204100353A29 /* NewsNavController.m */; };
		CC26F51A145D204100353A29 /* NewsNavController.xib in Resources */ = {isa = PBXBuildFile; fileRef = CC26F4F2145D204100353A29 /* NewsNavController.xib */; };
		CC26F51B145D204100353A29 /* ParishNavController.m in Sources */ = {isa = PBXBuildFile; fileRef = CC26F4F7145D204100353A29 /* ParishNavController.m */; };
		CC26F51C145D204100353A29 /* ParishSearchViewController.m in Sources */ = {isa = PBXBuildFile; fileRef = CC26F4F9145D204100353A29 /* ParishSearchViewController.m */; };
		CC26F51D145D204100353A29 /* PrayerNavController.m in Sources */ = {isa = PBXBuildFile; fileRef = CC26F4FB145D204100353A29 /* PrayerNavController.m */; };
		CC26F51E145D204100353A29 /* PrayerNavController.xib in Resources */ = {isa = PBXBuildFile; fileRef = CC26F4FC145D204100353A29 /* PrayerNavController.xib */; };
		CC26F51F145D204100353A29 /* WebViewController.m in Sources */ = {isa = PBXBuildFile; fileRef = CC26F4FF145D204100353A29 /* WebViewController.m */; };
		CC26F520145D204100353A29 /* AboutView.xib in Resources */ = {isa = PBXBuildFile; fileRef = CC26F501145D204100353A29 /* AboutView.xib */; };
		CC26F521145D204100353A29 /* AddPrayerView.xib in Resources */ = {isa = PBXBuildFile; fileRef = CC26F502145D204100353A29 /* AddPrayerView.xib */; };
		CC26F522145D204100353A29 /* JJGNewsCell.m in Sources */ = {isa = PBXBuildFile; fileRef = CC26F504145D204100353A29 /* JJGNewsCell.m */; };
		CC26F523145D204100353A29 /* JJGNewsCellReference.xib in Resources */ = {isa = PBXBuildFile; fileRef = CC26F505145D204100353A29 /* JJGNewsCellReference.xib */; };
		CC26F524145D204100353A29 /* MainWindow.xib in Resources */ = {isa = PBXBuildFile; fileRef = CC26F506145D204100353A29 /* MainWindow.xib */; };
		CC26F525145D204100353A29 /* NewsView.xib in Resources */ = {isa = PBXBuildFile; fileRef = CC26F507145D204100353A29 /* NewsView.xib */; };
		CC26F526145D204100353A29 /* NewsViewController.m in Sources */ = {isa = PBXBuildFile; fileRef = CC26F508145D204100353A29 /* NewsViewController.m */; };
		CC26F527145D204100353A29 /* ParishDetailView.xib in Resources */ = {isa = PBXBuildFile; fileRef = CC26F509145D204100353A29 /* ParishDetailView.xib */; };
		CC26F528145D204100353A29 /* ParishDetailViewController.m in Sources */ = {isa = PBXBuildFile; fileRef = CC26F50A145D204100353A29 /* ParishDetailViewController.m */; };
		CC26F529145D204100353A29 /* ParishMapView.xib in Resources */ = {isa = PBXBuildFile; fileRef = CC26F50B145D204100353A29 /* ParishMapView.xib */; };
		CC26F52A145D204100353A29 /* ParishMapViewController.m in Sources */ = {isa = PBXBuildFile; fileRef = CC26F50C145D204100353A29 /* ParishMapViewController.m */; };
		CC26F52B145D204100353A29 /* ParishNavController.xib in Resources */ = {isa = PBXBuildFile; fileRef = CC26F50D145D204100353A29 /* ParishNavController.xib */; };
		CC26F52C145D204100353A29 /* ParishSearchView.xib in Resources */ = {isa = PBXBuildFile; fileRef = CC26F50E145D204100353A29 /* ParishSearchView.xib */; };
		CC26F52D145D204100353A29 /* PrayerView.xib in Resources */ = {isa = PBXBuildFile; fileRef = CC26F50F145D204100353A29 /* PrayerView.xib */; };
		CC26F52E145D204100353A29 /* PrayerViewController.m in Sources */ = {isa = PBXBuildFile; fileRef = CC26F510145D204100353A29 /* PrayerViewController.m */; };
		CC26F52F145D204100353A29 /* WebView.xib in Resources */ = {isa = PBXBuildFile; fileRef = CC26F511145D204100353A29 /* WebView.xib */; };
		CC26F548145D204B00353A29 /* about-header.jpg in Resources */ = {isa = PBXBuildFile; fileRef = CC26F531145D204B00353A29 /* about-header.jpg */; };
		CC26F549145D204B00353A29 /* about-header@2x.jpg in Resources */ = {isa = PBXBuildFile; fileRef = CC26F532145D204B00353A29 /* about-header@2x.jpg */; };
		CC26F54A145D204B00353A29 /* back-arrow.png in Resources */ = {isa = PBXBuildFile; fileRef = CC26F533145D204B00353A29 /* back-arrow.png */; };
		CC26F54B145D204B00353A29 /* back-arrow@2x.png in Resources */ = {isa = PBXBuildFile; fileRef = CC26F534145D204B00353A29 /* back-arrow@2x.png */; };
		CC26F54C145D204B00353A29 /* Catholic_Diocese-Info.plist in Resources */ = {isa = PBXBuildFile; fileRef = CC26F535145D204B00353A29 /* Catholic_Diocese-Info.plist */; };
		CC26F54D145D204B00353A29 /* default-news-article-image.png in Resources */ = {isa = PBXBuildFile; fileRef = CC26F536145D204B00353A29 /* default-news-article-image.png */; };
		CC26F54E145D204B00353A29 /* Default.png in Resources */ = {isa = PBXBuildFile; fileRef = CC26F537145D204B00353A29 /* Default.png */; };
		CC26F54F145D204B00353A29 /* forward-arrow.png in Resources */ = {isa = PBXBuildFile; fileRef = CC26F538145D204B00353A29 /* forward-arrow.png */; };
		CC26F550145D204B00353A29 /* forward-arrow@2x.png in Resources */ = {isa = PBXBuildFile; fileRef = CC26F539145D204B00353A29 /* forward-arrow@2x.png */; };
		CC26F551145D204B00353A29 /* Icon-114.png in Resources */ = {isa = PBXBuildFile; fileRef = CC26F53A145D204B00353A29 /* Icon-114.png */; };
		CC26F552145D204B00353A29 /* Icon-29.png in Resources */ = {isa = PBXBuildFile; fileRef = CC26F53B145D204B00353A29 /* Icon-29.png */; };
		CC26F553145D204B00353A29 /* Icon-50.png in Resources */ = {isa = PBXBuildFile; fileRef = CC26F53C145D204B00353A29 /* Icon-50.png */; };
		CC26F554145D204B00353A29 /* Icon-57.png in Resources */ = {isa = PBXBuildFile; fileRef = CC26F53D145D204B00353A29 /* Icon-57.png */; };
		CC26F555145D204B00353A29 /* Icon-58.png in Resources */ = {isa = PBXBuildFile; fileRef = CC26F53E145D204B00353A29 /* Icon-58.png */; };
		CC26F556145D204B00353A29 /* Icon-72.png in Resources */ = {isa = PBXBuildFile; fileRef = CC26F53F145D204B00353A29 /* Icon-72.png */; };
		CC26F557145D204B00353A29 /* iTunesArtwork in Resources */ = {isa = PBXBuildFile; fileRef = CC26F540145D204B00353A29 /* iTunesArtwork */; };
		CC26F558145D204B00353A29 /* location.png in Resources */ = {isa = PBXBuildFile; fileRef = CC26F541145D204B00353A29 /* location.png */; };
		CC26F559145D204B00353A29 /* location@2x.png in Resources */ = {isa = PBXBuildFile; fileRef = CC26F542145D204B00353A29 /* location@2x.png */; };
		CC26F55A145D204B00353A29 /* ParishData.sqlite in Resources */ = {isa = PBXBuildFile; fileRef = CC26F543145D204B00353A29 /* ParishData.sqlite */; };
		CC26F55B145D204B00353A29 /* ParishData.xcdatamodeld in Sources */ = {isa = PBXBuildFile; fileRef = CC26F544145D204B00353A29 /* ParishData.xcdatamodeld */; };
		CC26F55C145D204B00353A29 /* tabs.bundle in Resources */ = {isa = PBXBuildFile; fileRef = CC26F547145D204B00353A29 /* tabs.bundle */; };
		CC26F578145D205300353A29 /* CHCSVParser.m in Sources */ = {isa = PBXBuildFile; fileRef = CC26F560145D205300353A29 /* CHCSVParser.m */; };
		CC26F579145D205300353A29 /* CHCSVSupport.m in Sources */ = {isa = PBXBuildFile; fileRef = CC26F562145D205300353A29 /* CHCSVSupport.m */; };
		CC26F57A145D205300353A29 /* CHCSVWriter.m in Sources */ = {isa = PBXBuildFile; fileRef = CC26F564145D205300353A29 /* CHCSVWriter.m */; };
		CC26F57B145D205300353A29 /* DSActivityView.m in Sources */ = {isa = PBXBuildFile; fileRef = CC26F566145D205300353A29 /* DSActivityView.m */; };
		CC26F57C145D205300353A29 /* EGOCache.m in Sources */ = {isa = PBXBuildFile; fileRef = CC26F569145D205300353A29 /* EGOCache.m */; };
		CC26F57D145D205300353A29 /* EGOImageLoadConnection.m in Sources */ = {isa = PBXBuildFile; fileRef = CC26F56C145D205300353A29 /* EGOImageLoadConnection.m */; };
		CC26F57E145D205300353A29 /* EGOImageLoader.m in Sources */ = {isa = PBXBuildFile; fileRef = CC26F56E145D205300353A29 /* EGOImageLoader.m */; };
		CC26F57F145D205300353A29 /* EGOImageView.m in Sources */ = {isa = PBXBuildFile; fileRef = CC26F571145D205300353A29 /* EGOImageView.m */; };
		CC26F580145D205300353A29 /* JJGTest.m in Sources */ = {isa = PBXBuildFile; fileRef = CC26F573145D205300353A29 /* JJGTest.m */; };
		CC26F581145D205300353A29 /* NSArray+CHCSVAdditions.m in Sources */ = {isa = PBXBuildFile; fileRef = CC26F575145D205300353A29 /* NSArray+CHCSVAdditions.m */; };
		CC26F582145D205300353A29 /* NSString+CHCSVAdditions.m in Sources */ = {isa = PBXBuildFile; fileRef = CC26F577145D205300353A29 /* NSString+CHCSVAdditions.m */; };
/* End PBXBuildFile section */

/* Begin PBXFileReference section */
		1D30AB110D05D00D00671497 /* Foundation.framework */ = {isa = PBXFileReference; lastKnownFileType = wrapper.framework; name = Foundation.framework; path = System/Library/Frameworks/Foundation.framework; sourceTree = SDKROOT; };
		1D6058910D05DD3D006BFB54 /* Catholic Diocese.app */ = {isa = PBXFileReference; explicitFileType = wrapper.application; includeInIndex = 0; path = "Catholic Diocese.app"; sourceTree = BUILT_PRODUCTS_DIR; };
		1DF5F4DF0D08C38300B7A737 /* UIKit.framework */ = {isa = PBXFileReference; lastKnownFileType = wrapper.framework; name = UIKit.framework; path = System/Library/Frameworks/UIKit.framework; sourceTree = SDKROOT; };
		288765070DF74369002DB57D /* CoreGraphics.framework */ = {isa = PBXFileReference; lastKnownFileType = wrapper.framework; name = CoreGraphics.framework; path = System/Library/Frameworks/CoreGraphics.framework; sourceTree = SDKROOT; };
		C3086773130F061300055A3B /* AddressBook.framework */ = {isa = PBXFileReference; lastKnownFileType = wrapper.framework; name = AddressBook.framework; path = System/Library/Frameworks/AddressBook.framework; sourceTree = SDKROOT; };
		C35F884512FF178B000AAE5F /* CoreData.framework */ = {isa = PBXFileReference; lastKnownFileType = wrapper.framework; name = CoreData.framework; path = System/Library/Frameworks/CoreData.framework; sourceTree = SDKROOT; };
		C36F15EB12F4C34300B46634 /* CoreLocation.framework */ = {isa = PBXFileReference; lastKnownFileType = wrapper.framework; name = CoreLocation.framework; path = System/Library/Frameworks/CoreLocation.framework; sourceTree = SDKROOT; };
		C36F15ED12F4C34300B46634 /* MapKit.framework */ = {isa = PBXFileReference; lastKnownFileType = wrapper.framework; name = MapKit.framework; path = System/Library/Frameworks/MapKit.framework; sourceTree = SDKROOT; };
		CC26F4E0145D204100353A29 /* Catholic_Diocese_Prefix.pch */ = {isa = PBXFileReference; fileEncoding = 4; lastKnownFileType = sourcecode.c.h; path = Catholic_Diocese_Prefix.pch; sourceTree = "<group>"; };
		CC26F4E1145D204100353A29 /* Catholic_DioceseAppDelegate.h */ = {isa = PBXFileReference; fileEncoding = 4; lastKnownFileType = sourcecode.c.h; path = Catholic_DioceseAppDelegate.h; sourceTree = "<group>"; };
		CC26F4E2145D204100353A29 /* Catholic_DioceseAppDelegate.m */ = {isa = PBXFileReference; fileEncoding = 4; lastKnownFileType = sourcecode.c.objc; path = Catholic_DioceseAppDelegate.m; sourceTree = "<group>"; };
		CC26F4E3145D204100353A29 /* main.m */ = {isa = PBXFileReference; fileEncoding = 4; lastKnownFileType = sourcecode.c.objc; path = main.m; sourceTree = "<group>"; };
		CC26F4E5145D204100353A29 /* Parish.h */ = {isa = PBXFileReference; fileEncoding = 4; lastKnownFileType = sourcecode.c.h; path = Parish.h; sourceTree = "<group>"; };
		CC26F4E6145D204100353A29 /* Parish.m */ = {isa = PBXFileReference; fileEncoding = 4; lastKnownFileType = sourcecode.c.objc; path = Parish.m; sourceTree = "<group>"; };
		CC26F4E7145D204100353A29 /* ParishEvents.h */ = {isa = PBXFileReference; fileEncoding = 4; lastKnownFileType = sourcecode.c.h; path = ParishEvents.h; sourceTree = "<group>"; };
		CC26F4E8145D204100353A29 /* ParishEvents.m */ = {isa = PBXFileReference; fileEncoding = 4; lastKnownFileType = sourcecode.c.objc; path = ParishEvents.m; sourceTree = "<group>"; };
		CC26F4EA145D204100353A29 /* AboutViewController.h */ = {isa = PBXFileReference; fileEncoding = 4; lastKnownFileType = sourcecode.c.h; path = AboutViewController.h; sourceTree = "<group>"; };
		CC26F4EB145D204100353A29 /* AboutViewController.m */ = {isa = PBXFileReference; fileEncoding = 4; lastKnownFileType = sourcecode.c.objc; path = AboutViewController.m; sourceTree = "<group>"; };
		CC26F4EC145D204100353A29 /* AddPrayerViewController.h */ = {isa = PBXFileReference; fileEncoding = 4; lastKnownFileType = sourcecode.c.h; path = AddPrayerViewController.h; sourceTree = "<group>"; };
		CC26F4ED145D204100353A29 /* AddPrayerViewController.m */ = {isa = PBXFileReference; fileEncoding = 4; lastKnownFileType = sourcecode.c.objc; path = AddPrayerViewController.m; sourceTree = "<group>"; };
		CC26F4EE145D204100353A29 /* JJGCLController.h */ = {isa = PBXFileReference; fileEncoding = 4; lastKnownFileType = sourcecode.c.h; path = JJGCLController.h; sourceTree = "<group>"; };
		CC26F4EF145D204100353A29 /* JJGCLController.m */ = {isa = PBXFileReference; fileEncoding = 4; lastKnownFileType = sourcecode.c.objc; path = JJGCLController.m; sourceTree = "<group>"; };
		CC26F4F0145D204100353A29 /* NewsNavController.h */ = {isa = PBXFileReference; fileEncoding = 4; lastKnownFileType = sourcecode.c.h; path = NewsNavController.h; sourceTree = "<group>"; };
		CC26F4F1145D204100353A29 /* NewsNavController.m */ = {isa = PBXFileReference; fileEncoding = 4; lastKnownFileType = sourcecode.c.objc; path = NewsNavController.m; sourceTree = "<group>"; };
		CC26F4F2145D204100353A29 /* NewsNavController.xib */ = {isa = PBXFileReference; fileEncoding = 4; lastKnownFileType = file.xib; path = NewsNavController.xib; sourceTree = "<group>"; };
		CC26F4F3145D204100353A29 /* NewsViewController.h */ = {isa = PBXFileReference; fileEncoding = 4; lastKnownFileType = sourcecode.c.h; path = NewsViewController.h; sourceTree = "<group>"; };
		CC26F4F4145D204100353A29 /* ParishDetailViewController.h */ = {isa = PBXFileReference; fileEncoding = 4; lastKnownFileType = sourcecode.c.h; path = ParishDetailViewController.h; sourceTree = "<group>"; };
		CC26F4F5145D204100353A29 /* ParishMapViewController.h */ = {isa = PBXFileReference; fileEncoding = 4; lastKnownFileType = sourcecode.c.h; path = ParishMapViewController.h; sourceTree = "<group>"; };
		CC26F4F6145D204100353A29 /* ParishNavController.h */ = {isa = PBXFileReference; fileEncoding = 4; lastKnownFileType = sourcecode.c.h; path = ParishNavController.h; sourceTree = "<group>"; };
		CC26F4F7145D204100353A29 /* ParishNavController.m */ = {isa = PBXFileReference; fileEncoding = 4; lastKnownFileType = sourcecode.c.objc; path = ParishNavController.m; sourceTree = "<group>"; };
		CC26F4F8145D204100353A29 /* ParishSearchViewController.h */ = {isa = PBXFileReference; fileEncoding = 4; lastKnownFileType = sourcecode.c.h; path = ParishSearchViewController.h; sourceTree = "<group>"; };
		CC26F4F9145D204100353A29 /* ParishSearchViewController.m */ = {isa = PBXFileReference; fileEncoding = 4; lastKnownFileType = sourcecode.c.objc; path = ParishSearchViewController.m; sourceTree = "<group>"; };
		CC26F4FA145D204100353A29 /* PrayerNavController.h */ = {isa = PBXFileReference; fileEncoding = 4; lastKnownFileType = sourcecode.c.h; path = PrayerNavController.h; sourceTree = "<group>"; };
		CC26F4FB145D204100353A29 /* PrayerNavController.m */ = {isa = PBXFileReference; fileEncoding = 4; lastKnownFileType = sourcecode.c.objc; path = PrayerNavController.m; sourceTree = "<group>"; };
		CC26F4FC145D204100353A29 /* PrayerNavController.xib */ = {isa = PBXFileReference; fileEncoding = 4; lastKnownFileType = file.xib; path = PrayerNavController.xib; sourceTree = "<group>"; };
		CC26F4FD145D204100353A29 /* PrayerViewController.h */ = {isa = PBXFileReference; fileEncoding = 4; lastKnownFileType = sourcecode.c.h; path = PrayerViewController.h; sourceTree = "<group>"; };
		CC26F4FE145D204100353A29 /* WebViewController.h */ = {isa = PBXFileReference; fileEncoding = 4; lastKnownFileType = sourcecode.c.h; path = WebViewController.h; sourceTree = "<group>"; };
		CC26F4FF145D204100353A29 /* WebViewController.m */ = {isa = PBXFileReference; fileEncoding = 4; lastKnownFileType = sourcecode.c.objc; path = WebViewController.m; sourceTree = "<group>"; };
		CC26F501145D204100353A29 /* AboutView.xib */ = {isa = PBXFileReference; fileEncoding = 4; lastKnownFileType = file.xib; path = AboutView.xib; sourceTree = "<group>"; };
		CC26F502145D204100353A29 /* AddPrayerView.xib */ = {isa = PBXFileReference; fileEncoding = 4; lastKnownFileType = file.xib; path = AddPrayerView.xib; sourceTree = "<group>"; };
		CC26F503145D204100353A29 /* JJGNewsCell.h */ = {isa = PBXFileReference; fileEncoding = 4; lastKnownFileType = sourcecode.c.h; path = JJGNewsCell.h; sourceTree = "<group>"; };
		CC26F504145D204100353A29 /* JJGNewsCell.m */ = {isa = PBXFileReference; fileEncoding = 4; lastKnownFileType = sourcecode.c.objc; path = JJGNewsCell.m; sourceTree = "<group>"; };
		CC26F505145D204100353A29 /* JJGNewsCellReference.xib */ = {isa = PBXFileReference; fileEncoding = 4; lastKnownFileType = file.xib; path = JJGNewsCellReference.xib; sourceTree = "<group>"; };
		CC26F506145D204100353A29 /* MainWindow.xib */ = {isa = PBXFileReference; fileEncoding = 4; lastKnownFileType = file.xib; path = MainWindow.xib; sourceTree = "<group>"; };
		CC26F507145D204100353A29 /* NewsView.xib */ = {isa = PBXFileReference; fileEncoding = 4; lastKnownFileType = file.xib; path = NewsView.xib; sourceTree = "<group>"; };
		CC26F508145D204100353A29 /* NewsViewController.m */ = {isa = PBXFileReference; fileEncoding = 4; lastKnownFileType = sourcecode.c.objc; path = NewsViewController.m; sourceTree = "<group>"; };
		CC26F509145D204100353A29 /* ParishDetailView.xib */ = {isa = PBXFileReference; fileEncoding = 4; lastKnownFileType = file.xib; path = ParishDetailView.xib; sourceTree = "<group>"; };
		CC26F50A145D204100353A29 /* ParishDetailViewController.m */ = {isa = PBXFileReference; fileEncoding = 4; lastKnownFileType = sourcecode.c.objc; path = ParishDetailViewController.m; sourceTree = "<group>"; };
		CC26F50B145D204100353A29 /* ParishMapView.xib */ = {isa = PBXFileReference; fileEncoding = 4; lastKnownFileType = file.xib; path = ParishMapView.xib; sourceTree = "<group>"; };
		CC26F50C145D204100353A29 /* ParishMapViewController.m */ = {isa = PBXFileReference; fileEncoding = 4; lastKnownFileType = sourcecode.c.objc; path = ParishMapViewController.m; sourceTree = "<group>"; };
		CC26F50D145D204100353A29 /* ParishNavController.xib */ = {isa = PBXFileReference; fileEncoding = 4; lastKnownFileType = file.xib; path = ParishNavController.xib; sourceTree = "<group>"; };
		CC26F50E145D204100353A29 /* ParishSearchView.xib */ = {isa = PBXFileReference; fileEncoding = 4; lastKnownFileType = file.xib; path = ParishSearchView.xib; sourceTree = "<group>"; };
		CC26F50F145D204100353A29 /* PrayerView.xib */ = {isa = PBXFileReference; fileEncoding = 4; lastKnownFileType = file.xib; path = PrayerView.xib; sourceTree = "<group>"; };
		CC26F510145D204100353A29 /* PrayerViewController.m */ = {isa = PBXFileReference; fileEncoding = 4; lastKnownFileType = sourcecode.c.objc; path = PrayerViewController.m; sourceTree = "<group>"; };
		CC26F511145D204100353A29 /* WebView.xib */ = {isa = PBXFileReference; fileEncoding = 4; lastKnownFileType = file.xib; path = WebView.xib; sourceTree = "<group>"; };
		CC26F531145D204B00353A29 /* about-header.jpg */ = {isa = PBXFileReference; lastKnownFileType = image.jpeg; path = "about-header.jpg"; sourceTree = "<group>"; };
		CC26F532145D204B00353A29 /* about-header@2x.jpg */ = {isa = PBXFileReference; lastKnownFileType = image.jpeg; path = "about-header@2x.jpg"; sourceTree = "<group>"; };
		CC26F533145D204B00353A29 /* back-arrow.png */ = {isa = PBXFileReference; lastKnownFileType = image.png; path = "back-arrow.png"; sourceTree = "<group>"; };
		CC26F534145D204B00353A29 /* back-arrow@2x.png */ = {isa = PBXFileReference; lastKnownFileType = image.png; path = "back-arrow@2x.png"; sourceTree = "<group>"; };
		CC26F535145D204B00353A29 /* Catholic_Diocese-Info.plist */ = {isa = PBXFileReference; fileEncoding = 4; lastKnownFileType = text.plist.xml; path = "Catholic_Diocese-Info.plist"; sourceTree = "<group>"; };
		CC26F536145D204B00353A29 /* default-news-article-image.png */ = {isa = PBXFileReference; lastKnownFileType = image.png; path = "default-news-article-image.png"; sourceTree = "<group>"; };
		CC26F537145D204B00353A29 /* Default.png */ = {isa = PBXFileReference; lastKnownFileType = image.png; path = Default.png; sourceTree = "<group>"; };
		CC26F538145D204B00353A29 /* forward-arrow.png */ = {isa = PBXFileReference; lastKnownFileType = image.png; path = "forward-arrow.png"; sourceTree = "<group>"; };
		CC26F539145D204B00353A29 /* forward-arrow@2x.png */ = {isa = PBXFileReference; lastKnownFileType = image.png; path = "forward-arrow@2x.png"; sourceTree = "<group>"; };
		CC26F53A145D204B00353A29 /* Icon-114.png */ = {isa = PBXFileReference; lastKnownFileType = image.png; path = "Icon-114.png"; sourceTree = "<group>"; };
		CC26F53B145D204B00353A29 /* Icon-29.png */ = {isa = PBXFileReference; lastKnownFileType = image.png; path = "Icon-29.png"; sourceTree = "<group>"; };
		CC26F53C145D204B00353A29 /* Icon-50.png */ = {isa = PBXFileReference; lastKnownFileType = image.png; path = "Icon-50.png"; sourceTree = "<group>"; };
		CC26F53D145D204B00353A29 /* Icon-57.png */ = {isa = PBXFileReference; lastKnownFileType = image.png; path = "Icon-57.png"; sourceTree = "<group>"; };
		CC26F53E145D204B00353A29 /* Icon-58.png */ = {isa = PBXFileReference; lastKnownFileType = image.png; path = "Icon-58.png"; sourceTree = "<group>"; };
		CC26F53F145D204B00353A29 /* Icon-72.png */ = {isa = PBXFileReference; lastKnownFileType = image.png; path = "Icon-72.png"; sourceTree = "<group>"; };
		CC26F540145D204B00353A29 /* iTunesArtwork */ = {isa = PBXFileReference; lastKnownFileType = file; path = iTunesArtwork; sourceTree = "<group>"; };
		CC26F541145D204B00353A29 /* location.png */ = {isa = PBXFileReference; lastKnownFileType = image.png; path = location.png; sourceTree = "<group>"; };
		CC26F542145D204B00353A29 /* location@2x.png */ = {isa = PBXFileReference; lastKnownFileType = image.png; path = "location@2x.png"; sourceTree = "<group>"; };
		CC26F543145D204B00353A29 /* ParishData.sqlite */ = {isa = PBXFileReference; lastKnownFileType = file; path = ParishData.sqlite; sourceTree = "<group>"; };
		CC26F545145D204B00353A29 /* ParishData 2.xcdatamodel */ = {isa = PBXFileReference; lastKnownFileType = wrapper.xcdatamodel; path = "ParishData 2.xcdatamodel"; sourceTree = "<group>"; };
		CC26F546145D204B00353A29 /* ParishData.xcdatamodel */ = {isa = PBXFileReference; lastKnownFileType = wrapper.xcdatamodel; path = ParishData.xcdatamodel; sourceTree = "<group>"; };
		CC26F547145D204B00353A29 /* tabs.bundle */ = {isa = PBXFileReference; lastKnownFileType = "wrapper.plug-in"; path = tabs.bundle; sourceTree = "<group>"; };
		CC26F55E145D205300353A29 /* CHCSV.h */ = {isa = PBXFileReference; fileEncoding = 4; lastKnownFileType = sourcecode.c.h; path = CHCSV.h; sourceTree = "<group>"; };
		CC26F55F145D205300353A29 /* CHCSVParser.h */ = {isa = PBXFileReference; fileEncoding = 4; lastKnownFileType = sourcecode.c.h; path = CHCSVParser.h; sourceTree = "<group>"; };
		CC26F560145D205300353A29 /* CHCSVParser.m */ = {isa = PBXFileReference; fileEncoding = 4; lastKnownFileType = sourcecode.c.objc; path = CHCSVParser.m; sourceTree = "<group>"; };
		CC26F561145D205300353A29 /* CHCSVSupport.h */ = {isa = PBXFileReference; fileEncoding = 4; lastKnownFileType = sourcecode.c.h; path = CHCSVSupport.h; sourceTree = "<group>"; };
		CC26F562145D205300353A29 /* CHCSVSupport.m */ = {isa = PBXFileReference; fileEncoding = 4; lastKnownFileType = sourcecode.c.objc; path = CHCSVSupport.m; sourceTree = "<group>"; };
		CC26F563145D205300353A29 /* CHCSVWriter.h */ = {isa = PBXFileReference; fileEncoding = 4; lastKnownFileType = sourcecode.c.h; path = CHCSVWriter.h; sourceTree = "<group>"; };
		CC26F564145D205300353A29 /* CHCSVWriter.m */ = {isa = PBXFileReference; fileEncoding = 4; lastKnownFileType = sourcecode.c.objc; path = CHCSVWriter.m; sourceTree = "<group>"; };
		CC26F565145D205300353A29 /* DSActivityView.h */ = {isa = PBXFileReference; fileEncoding = 4; lastKnownFileType = sourcecode.c.h; path = DSActivityView.h; sourceTree = "<group>"; };
		CC26F566145D205300353A29 /* DSActivityView.m */ = {isa = PBXFileReference; fileEncoding = 4; lastKnownFileType = sourcecode.c.objc; path = DSActivityView.m; sourceTree = "<group>"; };
		CC26F568145D205300353A29 /* EGOCache.h */ = {isa = PBXFileReference; fileEncoding = 4; lastKnownFileType = sourcecode.c.h; path = EGOCache.h; sourceTree = "<group>"; };
		CC26F569145D205300353A29 /* EGOCache.m */ = {isa = PBXFileReference; fileEncoding = 4; lastKnownFileType = sourcecode.c.objc; path = EGOCache.m; sourceTree = "<group>"; };
		CC26F56B145D205300353A29 /* EGOImageLoadConnection.h */ = {isa = PBXFileReference; fileEncoding = 4; lastKnownFileType = sourcecode.c.h; path = EGOImageLoadConnection.h; sourceTree = "<group>"; };
		CC26F56C145D205300353A29 /* EGOImageLoadConnection.m */ = {isa = PBXFileReference; fileEncoding = 4; lastKnownFileType = sourcecode.c.objc; path = EGOImageLoadConnection.m; sourceTree = "<group>"; };
		CC26F56D145D205300353A29 /* EGOImageLoader.h */ = {isa = PBXFileReference; fileEncoding = 4; lastKnownFileType = sourcecode.c.h; path = EGOImageLoader.h; sourceTree = "<group>"; };
		CC26F56E145D205300353A29 /* EGOImageLoader.m */ = {isa = PBXFileReference; fileEncoding = 4; lastKnownFileType = sourcecode.c.objc; path = EGOImageLoader.m; sourceTree = "<group>"; };
		CC26F570145D205300353A29 /* EGOImageView.h */ = {isa = PBXFileReference; fileEncoding = 4; lastKnownFileType = sourcecode.c.h; path = EGOImageView.h; sourceTree = "<group>"; };
		CC26F571145D205300353A29 /* EGOImageView.m */ = {isa = PBXFileReference; fileEncoding = 4; lastKnownFileType = sourcecode.c.objc; path = EGOImageView.m; sourceTree = "<group>"; };
		CC26F572145D205300353A29 /* JJGTest.h */ = {isa = PBXFileReference; fileEncoding = 4; lastKnownFileType = sourcecode.c.h; path = JJGTest.h; sourceTree = "<group>"; };
		CC26F573145D205300353A29 /* JJGTest.m */ = {isa = PBXFileReference; fileEncoding = 4; lastKnownFileType = sourcecode.c.objc; path = JJGTest.m; sourceTree = "<group>"; };
		CC26F574145D205300353A29 /* NSArray+CHCSVAdditions.h */ = {isa = PBXFileReference; fileEncoding = 4; lastKnownFileType = sourcecode.c.h; path = "NSArray+CHCSVAdditions.h"; sourceTree = "<group>"; };
		CC26F575145D205300353A29 /* NSArray+CHCSVAdditions.m */ = {isa = PBXFileReference; fileEncoding = 4; lastKnownFileType = sourcecode.c.objc; path = "NSArray+CHCSVAdditions.m"; sourceTree = "<group>"; };
		CC26F576145D205300353A29 /* NSString+CHCSVAdditions.h */ = {isa = PBXFileReference; fileEncoding = 4; lastKnownFileType = sourcecode.c.h; path = "NSString+CHCSVAdditions.h"; sourceTree = "<group>"; };
		CC26F577145D205300353A29 /* NSString+CHCSVAdditions.m */ = {isa = PBXFileReference; fileEncoding = 4; lastKnownFileType = sourcecode.c.objc; path = "NSString+CHCSVAdditions.m"; sourceTree = "<group>"; };
/* End PBXFileReference section */

/* Begin PBXFrameworksBuildPhase section */
		1D60588F0D05DD3D006BFB54 /* Frameworks */ = {
			isa = PBXFrameworksBuildPhase;
			buildActionMask = 2147483647;
			files = (
				1D60589F0D05DD5A006BFB54 /* Foundation.framework in Frameworks */,
				1DF5F4E00D08C38300B7A737 /* UIKit.framework in Frameworks */,
				288765080DF74369002DB57D /* CoreGraphics.framework in Frameworks */,
				C36F15EC12F4C34300B46634 /* CoreLocation.framework in Frameworks */,
				C36F15EE12F4C34300B46634 /* MapKit.framework in Frameworks */,
				C35F884612FF178B000AAE5F /* CoreData.framework in Frameworks */,
				C3086774130F061300055A3B /* AddressBook.framework in Frameworks */,
			);
			runOnlyForDeploymentPostprocessing = 0;
		};
/* End PBXFrameworksBuildPhase section */

/* Begin PBXGroup section */
		19C28FACFE9D520D11CA2CBB /* Products */ = {
			isa = PBXGroup;
			children = (
				1D6058910D05DD3D006BFB54 /* Catholic Diocese.app */,
			);
			name = Products;
			sourceTree = "<group>";
		};
		29B97314FDCFA39411CA2CEA /* Catholic STL */ = {
			isa = PBXGroup;
			children = (
				CC26F4DF145D204100353A29 /* Classes */,
				CC26F55D145D205300353A29 /* Vendor */,
				CC26F530145D204B00353A29 /* Resources */,
				29B97323FDCFA39411CA2CEA /* Frameworks */,
				19C28FACFE9D520D11CA2CBB /* Products */,
			);
			name = "Catholic STL";
			sourceTree = "<group>";
		};
		29B97323FDCFA39411CA2CEA /* Frameworks */ = {
			isa = PBXGroup;
			children = (
				1DF5F4DF0D08C38300B7A737 /* UIKit.framework */,
				1D30AB110D05D00D00671497 /* Foundation.framework */,
				288765070DF74369002DB57D /* CoreGraphics.framework */,
				C35F884512FF178B000AAE5F /* CoreData.framework */,
				C36F15EB12F4C34300B46634 /* CoreLocation.framework */,
				C36F15ED12F4C34300B46634 /* MapKit.framework */,
				C3086773130F061300055A3B /* AddressBook.framework */,
			);
			name = Frameworks;
			sourceTree = "<group>";
		};
		CC26F4DF145D204100353A29 /* Classes */ = {
			isa = PBXGroup;
			children = (
				CC26F4E0145D204100353A29 /* Catholic_Diocese_Prefix.pch */,
				CC26F4E1145D204100353A29 /* Catholic_DioceseAppDelegate.h */,
				CC26F4E2145D204100353A29 /* Catholic_DioceseAppDelegate.m */,
				CC26F4E3145D204100353A29 /* main.m */,
				CC26F4E4145D204100353A29 /* Models */,
				CC26F500145D204100353A29 /* Views */,
				CC26F4E9145D204100353A29 /* View Controllers */,
			);
			path = Classes;
			sourceTree = "<group>";
		};
		CC26F4E4145D204100353A29 /* Models */ = {
			isa = PBXGroup;
			children = (
				CC26F4E5145D204100353A29 /* Parish.h */,
				CC26F4E6145D204100353A29 /* Parish.m */,
				CC26F4E7145D204100353A29 /* ParishEvents.h */,
				CC26F4E8145D204100353A29 /* ParishEvents.m */,
			);
			path = Models;
			sourceTree = "<group>";
		};
		CC26F4E9145D204100353A29 /* View Controllers */ = {
			isa = PBXGroup;
			children = (
				CC26F4EA145D204100353A29 /* AboutViewController.h */,
				CC26F4EB145D204100353A29 /* AboutViewController.m */,
				CC26F4EC145D204100353A29 /* AddPrayerViewController.h */,
				CC26F4ED145D204100353A29 /* AddPrayerViewController.m */,
				CC26F4EE145D204100353A29 /* JJGCLController.h */,
				CC26F4EF145D204100353A29 /* JJGCLController.m */,
				CC26F4F0145D204100353A29 /* NewsNavController.h */,
				CC26F4F1145D204100353A29 /* NewsNavController.m */,
				CC26F4F2145D204100353A29 /* NewsNavController.xib */,
				CC26F4F3145D204100353A29 /* NewsViewController.h */,
				CC26F4F4145D204100353A29 /* ParishDetailViewController.h */,
				CC26F4F5145D204100353A29 /* ParishMapViewController.h */,
				CC26F4F6145D204100353A29 /* ParishNavController.h */,
				CC26F4F7145D204100353A29 /* ParishNavController.m */,
				CC26F4F8145D204100353A29 /* ParishSearchViewController.h */,
				CC26F4F9145D204100353A29 /* ParishSearchViewController.m */,
				CC26F4FA145D204100353A29 /* PrayerNavController.h */,
				CC26F4FB145D204100353A29 /* PrayerNavController.m */,
				CC26F4FC145D204100353A29 /* PrayerNavController.xib */,
				CC26F4FD145D204100353A29 /* PrayerViewController.h */,
				CC26F4FE145D204100353A29 /* WebViewController.h */,
				CC26F4FF145D204100353A29 /* WebViewController.m */,
			);
			path = "View Controllers";
			sourceTree = "<group>";
		};
		CC26F500145D204100353A29 /* Views */ = {
			isa = PBXGroup;
			children = (
				CC26F501145D204100353A29 /* AboutView.xib */,
				CC26F502145D204100353A29 /* AddPrayerView.xib */,
				CC26F503145D204100353A29 /* JJGNewsCell.h */,
				CC26F504145D204100353A29 /* JJGNewsCell.m */,
				CC26F505145D204100353A29 /* JJGNewsCellReference.xib */,
				CC26F506145D204100353A29 /* MainWindow.xib */,
				CC26F507145D204100353A29 /* NewsView.xib */,
				CC26F508145D204100353A29 /* NewsViewController.m */,
				CC26F509145D204100353A29 /* ParishDetailView.xib */,
				CC26F50A145D204100353A29 /* ParishDetailViewController.m */,
				CC26F50B145D204100353A29 /* ParishMapView.xib */,
				CC26F50C145D204100353A29 /* ParishMapViewController.m */,
				CC26F50D145D204100353A29 /* ParishNavController.xib */,
				CC26F50E145D204100353A29 /* ParishSearchView.xib */,
				CC26F50F145D204100353A29 /* PrayerView.xib */,
				CC26F510145D204100353A29 /* PrayerViewController.m */,
				CC26F511145D204100353A29 /* WebView.xib */,
			);
			path = Views;
			sourceTree = "<group>";
		};
		CC26F530145D204B00353A29 /* Resources */ = {
			isa = PBXGroup;
			children = (
				CC26F531145D204B00353A29 /* about-header.jpg */,
				CC26F532145D204B00353A29 /* about-header@2x.jpg */,
				CC26F533145D204B00353A29 /* back-arrow.png */,
				CC26F534145D204B00353A29 /* back-arrow@2x.png */,
				CC26F535145D204B00353A29 /* Catholic_Diocese-Info.plist */,
				CC26F536145D204B00353A29 /* default-news-article-image.png */,
				CC26F537145D204B00353A29 /* Default.png */,
				CC26F538145D204B00353A29 /* forward-arrow.png */,
				CC26F539145D204B00353A29 /* forward-arrow@2x.png */,
				CC26F53A145D204B00353A29 /* Icon-114.png */,
				CC26F53B145D204B00353A29 /* Icon-29.png */,
				CC26F53C145D204B00353A29 /* Icon-50.png */,
				CC26F53D145D204B00353A29 /* Icon-57.png */,
				CC26F53E145D204B00353A29 /* Icon-58.png */,
				CC26F53F145D204B00353A29 /* Icon-72.png */,
				CC26F540145D204B00353A29 /* iTunesArtwork */,
				CC26F541145D204B00353A29 /* location.png */,
				CC26F542145D204B00353A29 /* location@2x.png */,
				CC26F543145D204B00353A29 /* ParishData.sqlite */,
				CC26F544145D204B00353A29 /* ParishData.xcdatamodeld */,
				CC26F547145D204B00353A29 /* tabs.bundle */,
			);
			path = Resources;
			sourceTree = "<group>";
		};
		CC26F55D145D205300353A29 /* Vendor */ = {
			isa = PBXGroup;
			children = (
				CC26F55E145D205300353A29 /* CHCSV.h */,
				CC26F55F145D205300353A29 /* CHCSVParser.h */,
				CC26F560145D205300353A29 /* CHCSVParser.m */,
				CC26F561145D205300353A29 /* CHCSVSupport.h */,
				CC26F562145D205300353A29 /* CHCSVSupport.m */,
				CC26F563145D205300353A29 /* CHCSVWriter.h */,
				CC26F564145D205300353A29 /* CHCSVWriter.m */,
				CC26F565145D205300353A29 /* DSActivityView.h */,
				CC26F566145D205300353A29 /* DSActivityView.m */,
				CC26F567145D205300353A29 /* EGOCache */,
				CC26F56A145D205300353A29 /* EGOImageLoader */,
				CC26F56F145D205300353A29 /* EGOImageView */,
				CC26F572145D205300353A29 /* JJGTest.h */,
				CC26F573145D205300353A29 /* JJGTest.m */,
				CC26F574145D205300353A29 /* NSArray+CHCSVAdditions.h */,
				CC26F575145D205300353A29 /* NSArray+CHCSVAdditions.m */,
				CC26F576145D205300353A29 /* NSString+CHCSVAdditions.h */,
				CC26F577145D205300353A29 /* NSString+CHCSVAdditions.m */,
			);
			path = Vendor;
			sourceTree = "<group>";
		};
		CC26F567145D205300353A29 /* EGOCache */ = {
			isa = PBXGroup;
			children = (
				CC26F568145D205300353A29 /* EGOCache.h */,
				CC26F569145D205300353A29 /* EGOCache.m */,
			);
			path = EGOCache;
			sourceTree = "<group>";
		};
		CC26F56A145D205300353A29 /* EGOImageLoader */ = {
			isa = PBXGroup;
			children = (
				CC26F56B145D205300353A29 /* EGOImageLoadConnection.h */,
				CC26F56C145D205300353A29 /* EGOImageLoadConnection.m */,
				CC26F56D145D205300353A29 /* EGOImageLoader.h */,
				CC26F56E145D205300353A29 /* EGOImageLoader.m */,
			);
			path = EGOImageLoader;
			sourceTree = "<group>";
		};
		CC26F56F145D205300353A29 /* EGOImageView */ = {
			isa = PBXGroup;
			children = (
				CC26F570145D205300353A29 /* EGOImageView.h */,
				CC26F571145D205300353A29 /* EGOImageView.m */,
			);
			path = EGOImageView;
			sourceTree = "<group>";
		};
/* End PBXGroup section */

/* Begin PBXNativeTarget section */
		1D6058900D05DD3D006BFB54 /* Catholic Diocese */ = {
			isa = PBXNativeTarget;
			buildConfigurationList = 1D6058960D05DD3E006BFB54 /* Build configuration list for PBXNativeTarget "Catholic Diocese" */;
			buildPhases = (
				1D60588D0D05DD3D006BFB54 /* Resources */,
				1D60588E0D05DD3D006BFB54 /* Sources */,
				1D60588F0D05DD3D006BFB54 /* Frameworks */,
			);
			buildRules = (
			);
			dependencies = (
			);
			name = "Catholic Diocese";
			productName = "Catholic STL";
			productReference = 1D6058910D05DD3D006BFB54 /* Catholic Diocese.app */;
			productType = "com.apple.product-type.application";
		};
/* End PBXNativeTarget section */

/* Begin PBXProject section */
		29B97313FDCFA39411CA2CEA /* Project object */ = {
			isa = PBXProject;
			attributes = {
				LastUpgradeCheck = 0420;
			};
			buildConfigurationList = C01FCF4E08A954540054247B /* Build configuration list for PBXProject "Catholic Diocese" */;
			compatibilityVersion = "Xcode 3.2";
			developmentRegion = English;
			hasScannedForEncodings = 1;
			knownRegions = (
				English,
				Japanese,
				French,
				German,
			);
			mainGroup = 29B97314FDCFA39411CA2CEA /* Catholic STL */;
			projectDirPath = "";
			projectRoot = "";
			targets = (
				1D6058900D05DD3D006BFB54 /* Catholic Diocese */,
			);
		};
/* End PBXProject section */

/* Begin PBXResourcesBuildPhase section */
		1D60588D0D05DD3D006BFB54 /* Resources */ = {
			isa = PBXResourcesBuildPhase;
			buildActionMask = 2147483647;
			files = (
				CC26F51A145D204100353A29 /* NewsNavController.xib in Resources */,
				CC26F51E145D204100353A29 /* PrayerNavController.xib in Resources */,
				CC26F520145D204100353A29 /* AboutView.xib in Resources */,
				CC26F521145D204100353A29 /* AddPrayerView.xib in Resources */,
				CC26F523145D204100353A29 /* JJGNewsCellReference.xib in Resources */,
				CC26F524145D204100353A29 /* MainWindow.xib in Resources */,
				CC26F525145D204100353A29 /* NewsView.xib in Resources */,
				CC26F527145D204100353A29 /* ParishDetailView.xib in Resources */,
				CC26F529145D204100353A29 /* ParishMapView.xib in Resources */,
				CC26F52B145D204100353A29 /* ParishNavController.xib in Resources */,
				CC26F52C145D204100353A29 /* ParishSearchView.xib in Resources */,
				CC26F52D145D204100353A29 /* PrayerView.xib in Resources */,
				CC26F52F145D204100353A29 /* WebView.xib in Resources */,
				CC26F548145D204B00353A29 /* about-header.jpg in Resources */,
				CC26F549145D204B00353A29 /* about-header@2x.jpg in Resources */,
				CC26F54A145D204B00353A29 /* back-arrow.png in Resources */,
				CC26F54B145D204B00353A29 /* back-arrow@2x.png in Resources */,
				CC26F54C145D204B00353A29 /* Catholic_Diocese-Info.plist in Resources */,
				CC26F54D145D204B00353A29 /* default-news-article-image.png in Resources */,
				CC26F54E145D204B00353A29 /* Default.png in Resources */,
				CC26F54F145D204B00353A29 /* forward-arrow.png in Resources */,
				CC26F550145D204B00353A29 /* forward-arrow@2x.png in Resources */,
				CC26F551145D204B00353A29 /* Icon-114.png in Resources */,
				CC26F552145D204B00353A29 /* Icon-29.png in Resources */,
				CC26F553145D204B00353A29 /* Icon-50.png in Resources */,
				CC26F554145D204B00353A29 /* Icon-57.png in Resources */,
				CC26F555145D204B00353A29 /* Icon-58.png in Resources */,
				CC26F556145D204B00353A29 /* Icon-72.png in Resources */,
				CC26F557145D204B00353A29 /* iTunesArtwork in Resources */,
				CC26F558145D204B00353A29 /* location.png in Resources */,
				CC26F559145D204B00353A29 /* location@2x.png in Resources */,
				CC26F55A145D204B00353A29 /* ParishData.sqlite in Resources */,
				CC26F55C145D204B00353A29 /* tabs.bundle in Resources */,
			);
			runOnlyForDeploymentPostprocessing = 0;
		};
/* End PBXResourcesBuildPhase section */

/* Begin PBXSourcesBuildPhase section */
		1D60588E0D05DD3D006BFB54 /* Sources */ = {
			isa = PBXSourcesBuildPhase;
			buildActionMask = 2147483647;
			files = (
				CC26F512145D204100353A29 /* Catholic_DioceseAppDelegate.m in Sources */,
				CC26F513145D204100353A29 /* main.m in Sources */,
				CC26F514145D204100353A29 /* Parish.m in Sources */,
				CC26F515145D204100353A29 /* ParishEvents.m in Sources */,
				CC26F516145D204100353A29 /* AboutViewController.m in Sources */,
				CC26F517145D204100353A29 /* AddPrayerViewController.m in Sources */,
				CC26F518145D204100353A29 /* JJGCLController.m in Sources */,
				CC26F519145D204100353A29 /* NewsNavController.m in Sources */,
				CC26F51B145D204100353A29 /* ParishNavController.m in Sources */,
				CC26F51C145D204100353A29 /* ParishSearchViewController.m in Sources */,
				CC26F51D145D204100353A29 /* PrayerNavController.m in Sources */,
				CC26F51F145D204100353A29 /* WebViewController.m in Sources */,
				CC26F522145D204100353A29 /* JJGNewsCell.m in Sources */,
				CC26F526145D204100353A29 /* NewsViewController.m in Sources */,
				CC26F528145D204100353A29 /* ParishDetailViewController.m in Sources */,
				CC26F52A145D204100353A29 /* ParishMapViewController.m in Sources */,
				CC26F52E145D204100353A29 /* PrayerViewController.m in Sources */,
				CC26F55B145D204B00353A29 /* ParishData.xcdatamodeld in Sources */,
				CC26F578145D205300353A29 /* CHCSVParser.m in Sources */,
				CC26F579145D205300353A29 /* CHCSVSupport.m in Sources */,
				CC26F57A145D205300353A29 /* CHCSVWriter.m in Sources */,
				CC26F57B145D205300353A29 /* DSActivityView.m in Sources */,
				CC26F57C145D205300353A29 /* EGOCache.m in Sources */,
				CC26F57D145D205300353A29 /* EGOImageLoadConnection.m in Sources */,
				CC26F57E145D205300353A29 /* EGOImageLoader.m in Sources */,
				CC26F57F145D205300353A29 /* EGOImageView.m in Sources */,
				CC26F580145D205300353A29 /* JJGTest.m in Sources */,
				CC26F581145D205300353A29 /* NSArray+CHCSVAdditions.m in Sources */,
				CC26F582145D205300353A29 /* NSString+CHCSVAdditions.m in Sources */,
			);
			runOnlyForDeploymentPostprocessing = 0;
		};
/* End PBXSourcesBuildPhase section */

/* Begin XCBuildConfiguration section */
		1D6058940D05DD3E006BFB54 /* Debug */ = {
			isa = XCBuildConfiguration;
			buildSettings = {
				ALWAYS_SEARCH_USER_PATHS = NO;
				CLANG_ENABLE_OBJC_ARC = YES;
				COPY_PHASE_STRIP = NO;
				GCC_DYNAMIC_NO_PIC = NO;
				GCC_OPTIMIZATION_LEVEL = 0;
				GCC_PRECOMPILE_PREFIX_HEADER = YES;
				GCC_PREFIX_HEADER = Classes/Catholic_Diocese_Prefix.pch;
				GCC_VERSION = com.apple.compilers.llvm.clang.1_0;
				INFOPLIST_FILE = "Resources/Catholic_Diocese-Info.plist";
				PRODUCT_NAME = "Catholic Diocese";
			};
			name = Debug;
		};
		1D6058950D05DD3E006BFB54 /* Release */ = {
			isa = XCBuildConfiguration;
			buildSettings = {
				ALWAYS_SEARCH_USER_PATHS = NO;
				ARCHS = "$(ARCHS_STANDARD_32_BIT)";
				CLANG_ENABLE_OBJC_ARC = YES;
				"CODE_SIGN_IDENTITY[sdk=iphoneos*]" = "iPhone Distribution: Jeff Geerling";
				COPY_PHASE_STRIP = YES;
				GCC_PRECOMPILE_PREFIX_HEADER = YES;
				GCC_PREFIX_HEADER = Classes/Catholic_Diocese_Prefix.pch;
				GCC_VERSION = com.apple.compilers.llvm.clang.1_0;
				INFOPLIST_FILE = "Resources/Catholic_Diocese-Info.plist";
				IPHONEOS_DEPLOYMENT_TARGET = 3.2;
				PRODUCT_NAME = "Catholic Diocese";
				SDKROOT = iphoneos;
				VALIDATE_PRODUCT = YES;
			};
			name = Release;
		};
		C01FCF4F08A954540054247B /* Debug */ = {
			isa = XCBuildConfiguration;
			buildSettings = {
				ARCHS = "$(ARCHS_STANDARD_32_BIT)";
				"CODE_SIGN_IDENTITY[sdk=iphoneos*]" = "iPhone Developer: Jeff Geerling (K5S65ZPH22)";
				GCC_C_LANGUAGE_STANDARD = c99;
				GCC_WARN_ABOUT_RETURN_TYPE = YES;
				GCC_WARN_UNUSED_VARIABLE = YES;
				"PROVISIONING_PROFILE[sdk=iphoneos*]" = "438C6FD1-A287-4DBF-979E-2EC4F36155C7";
				SDKROOT = iphoneos;
			};
			name = Debug;
		};
/* End XCBuildConfiguration section */

/* Begin XCConfigurationList section */
		1D6058960D05DD3E006BFB54 /* Build configuration list for PBXNativeTarget "Catholic Diocese" */ = {
			isa = XCConfigurationList;
			buildConfigurations = (
				1D6058940D05DD3E006BFB54 /* Debug */,
				1D6058950D05DD3E006BFB54 /* Release */,
			);
			defaultConfigurationIsVisible = 0;
			defaultConfigurationName = Release;
		};
		C01FCF4E08A954540054247B /* Build configuration list for PBXProject "Catholic Diocese" */ = {
			isa = XCConfigurationList;
			buildConfigurations = (
				C01FCF4F08A954540054247B /* Debug */,
			);
			defaultConfigurationIsVisible = 0;
			defaultConfigurationName = Release;
		};
/* End XCConfigurationList section */

/* Begin XCVersionGroup section */
		CC26F544145D204B00353A29 /* ParishData.xcdatamodeld */ = {
			isa = XCVersionGroup;
			children = (
				CC26F545145D204B00353A29 /* ParishData 2.xcdatamodel */,
				CC26F546145D204B00353A29 /* ParishData.xcdatamodel */,
			);
			currentVersion = CC26F545145D204B00353A29 /* ParishData 2.xcdatamodel */;
			path = ParishData.xcdatamodeld;
			sourceTree = "<group>";
			versionGroupType = wrapper.xcdatamodel;
		};
/* End XCVersionGroup section */
	};
	rootObject = 29B97313FDCFA39411CA2CEA /* Project object */;
}
